// !$*UTF8*$!
{
	archiveVersion = 1;
	classes = {
	};
	objectVersion = 56;
	objects = {

/* Begin PBXBuildFile section */
		A61C1D802C1C30040021824F /* FlightAppApp.swift in Sources */ = {isa = PBXBuildFile; fileRef = A61C1D7F2C1C30040021824F /* FlightAppApp.swift */; };
		A61C1D822C1C30040021824F /* ContentView.swift in Sources */ = {isa = PBXBuildFile; fileRef = A61C1D812C1C30040021824F /* ContentView.swift */; };
		A61C1D842C1C30050021824F /* Assets.xcassets in Resources */ = {isa = PBXBuildFile; fileRef = A61C1D832C1C30050021824F /* Assets.xcassets */; };
		A61C1D872C1C30050021824F /* Preview Assets.xcassets in Resources */ = {isa = PBXBuildFile; fileRef = A61C1D862C1C30050021824F /* Preview Assets.xcassets */; };
		A61C1D902C1C30600021824F /* FlightHistory.swift in Sources */ = {isa = PBXBuildFile; fileRef = A61C1D8D2C1C305F0021824F /* FlightHistory.swift */; };
		A61C1D912C1C30600021824F /* FlightInformation.swift in Sources */ = {isa = PBXBuildFile; fileRef = A61C1D8E2C1C305F0021824F /* FlightInformation.swift */; };
		A61C1D982C1C31B50021824F /* Timeline.swift in Sources */ = {isa = PBXBuildFile; fileRef = A61C1D922C1C31B50021824F /* Timeline.swift */; };
		A61C1D992C1C31B50021824F /* TimelinePoint.swift in Sources */ = {isa = PBXBuildFile; fileRef = A61C1D932C1C31B50021824F /* TimelinePoint.swift */; };
		A61C1D9A2C1C31B50021824F /* TimelineTableViewCell.swift in Sources */ = {isa = PBXBuildFile; fileRef = A61C1D952C1C31B50021824F /* TimelineTableViewCell.swift */; };
		A61C1D9B2C1C31B50021824F /* TimelineTableViewCell.xib in Resources */ = {isa = PBXBuildFile; fileRef = A61C1D962C1C31B50021824F /* TimelineTableViewCell.xib */; };
		A61C1D9D2C1C32220021824F /* TimelineView.swift in Sources */ = {isa = PBXBuildFile; fileRef = A61C1D9C2C1C32220021824F /* TimelineView.swift */; };
		A61C1DC42C1C77D80021824F /* HomeScreenView.swift in Sources */ = {isa = PBXBuildFile; fileRef = A61C1DC32C1C77D80021824F /* HomeScreenView.swift */; };
		A61C1DC62C1C78CD0021824F /* UserProfileView.swift in Sources */ = {isa = PBXBuildFile; fileRef = A61C1DC52C1C78CD0021824F /* UserProfileView.swift */; };
		A61C1DC82C1C7C2B0021824F /* FlightBoardView.swift in Sources */ = {isa = PBXBuildFile; fileRef = A61C1DC72C1C7C2B0021824F /* FlightBoardView.swift */; };
		A61C1DCA2C1C98520021824F /* FlightRowView.swift in Sources */ = {isa = PBXBuildFile; fileRef = A61C1DC92C1C98520021824F /* FlightRowView.swift */; };
		A61C1DCC2C1C9A200021824F /* FlightDetailsView.swift in Sources */ = {isa = PBXBuildFile; fileRef = A61C1DCB2C1C9A200021824F /* FlightDetailsView.swift */; };
/* End PBXBuildFile section */

/* Begin PBXFileReference section */
		A61C1D7C2C1C30040021824F /* FlightApp.app */ = {isa = PBXFileReference; explicitFileType = wrapper.application; includeInIndex = 0; path = FlightApp.app; sourceTree = BUILT_PRODUCTS_DIR; };
		A61C1D7F2C1C30040021824F /* FlightAppApp.swift */ = {isa = PBXFileReference; lastKnownFileType = sourcecode.swift; path = FlightAppApp.swift; sourceTree = "<group>"; };
		A61C1D812C1C30040021824F /* ContentView.swift */ = {isa = PBXFileReference; lastKnownFileType = sourcecode.swift; path = ContentView.swift; sourceTree = "<group>"; };
		A61C1D832C1C30050021824F /* Assets.xcassets */ = {isa = PBXFileReference; lastKnownFileType = folder.assetcatalog; path = Assets.xcassets; sourceTree = "<group>"; };
		A61C1D862C1C30050021824F /* Preview Assets.xcassets */ = {isa = PBXFileReference; lastKnownFileType = folder.assetcatalog; path = "Preview Assets.xcassets"; sourceTree = "<group>"; };
		A61C1D8D2C1C305F0021824F /* FlightHistory.swift */ = {isa = PBXFileReference; fileEncoding = 4; lastKnownFileType = sourcecode.swift; path = FlightHistory.swift; sourceTree = "<group>"; };
		A61C1D8E2C1C305F0021824F /* FlightInformation.swift */ = {isa = PBXFileReference; fileEncoding = 4; lastKnownFileType = sourcecode.swift; path = FlightInformation.swift; sourceTree = "<group>"; };
		A61C1D922C1C31B50021824F /* Timeline.swift */ = {isa = PBXFileReference; fileEncoding = 4; lastKnownFileType = sourcecode.swift; path = Timeline.swift; sourceTree = "<group>"; };
		A61C1D932C1C31B50021824F /* TimelinePoint.swift */ = {isa = PBXFileReference; fileEncoding = 4; lastKnownFileType = sourcecode.swift; path = TimelinePoint.swift; sourceTree = "<group>"; };
		A61C1D942C1C31B50021824F /* TimelineTableViewCell.h */ = {isa = PBXFileReference; fileEncoding = 4; lastKnownFileType = sourcecode.c.h; path = TimelineTableViewCell.h; sourceTree = "<group>"; };
		A61C1D952C1C31B50021824F /* TimelineTableViewCell.swift */ = {isa = PBXFileReference; fileEncoding = 4; lastKnownFileType = sourcecode.swift; path = TimelineTableViewCell.swift; sourceTree = "<group>"; };
		A61C1D962C1C31B50021824F /* TimelineTableViewCell.xib */ = {isa = PBXFileReference; fileEncoding = 4; lastKnownFileType = file.xib; path = TimelineTableViewCell.xib; sourceTree = "<group>"; };
		A61C1D9C2C1C32220021824F /* TimelineView.swift */ = {isa = PBXFileReference; lastKnownFileType = sourcecode.swift; path = TimelineView.swift; sourceTree = "<group>"; };
		A61C1DC32C1C77D80021824F /* HomeScreenView.swift */ = {isa = PBXFileReference; lastKnownFileType = sourcecode.swift; path = HomeScreenView.swift; sourceTree = "<group>"; };
		A61C1DC52C1C78CD0021824F /* UserProfileView.swift */ = {isa = PBXFileReference; lastKnownFileType = sourcecode.swift; path = UserProfileView.swift; sourceTree = "<group>"; };
		A61C1DC72C1C7C2B0021824F /* FlightBoardView.swift */ = {isa = PBXFileReference; lastKnownFileType = sourcecode.swift; path = FlightBoardView.swift; sourceTree = "<group>"; };
		A61C1DC92C1C98520021824F /* FlightRowView.swift */ = {isa = PBXFileReference; lastKnownFileType = sourcecode.swift; path = FlightRowView.swift; sourceTree = "<group>"; };
		A61C1DCB2C1C9A200021824F /* FlightDetailsView.swift */ = {isa = PBXFileReference; lastKnownFileType = sourcecode.swift; path = FlightDetailsView.swift; sourceTree = "<group>"; };
/* End PBXFileReference section */

/* Begin PBXFrameworksBuildPhase section */
		A61C1D792C1C30040021824F /* Frameworks */ = {
			isa = PBXFrameworksBuildPhase;
			buildActionMask = 2147483647;
			files = (
			);
			runOnlyForDeploymentPostprocessing = 0;
		};
/* End PBXFrameworksBuildPhase section */

/* Begin PBXGroup section */
		A61C1D732C1C30040021824F = {
			isa = PBXGroup;
			children = (
				A61C1D7E2C1C30040021824F /* FlightApp */,
				A61C1D7D2C1C30040021824F /* Products */,
			);
			sourceTree = "<group>";
		};
		A61C1D7D2C1C30040021824F /* Products */ = {
			isa = PBXGroup;
			children = (
				A61C1D7C2C1C30040021824F /* FlightApp.app */,
			);
			name = Products;
			sourceTree = "<group>";
		};
		A61C1D7E2C1C30040021824F /* FlightApp */ = {
			isa = PBXGroup;
			children = (
				A61C1D8F2C1C305F0021824F /* Models */,
				A61C1D7F2C1C30040021824F /* FlightAppApp.swift */,
				A61C1D812C1C30040021824F /* ContentView.swift */,
				A61C1DC72C1C7C2B0021824F /* FlightBoardView.swift */,
				A61C1DCB2C1C9A200021824F /* FlightDetailsView.swift */,
				A61C1DC92C1C98520021824F /* FlightRowView.swift */,
				A61C1DC32C1C77D80021824F /* HomeScreenView.swift */,
				A61C1DC52C1C78CD0021824F /* UserProfileView.swift */,
				A61C1D9C2C1C32220021824F /* TimelineView.swift */,
				A61C1D972C1C31B50021824F /* TimelineTableViewCell */,
				A61C1D832C1C30050021824F /* Assets.xcassets */,
				A61C1D852C1C30050021824F /* Preview Content */,
			);
			path = FlightApp;
			sourceTree = "<group>";
		};
		A61C1D852C1C30050021824F /* Preview Content */ = {
			isa = PBXGroup;
			children = (
				A61C1D862C1C30050021824F /* Preview Assets.xcassets */,
			);
			path = "Preview Content";
			sourceTree = "<group>";
		};
		A61C1D8F2C1C305F0021824F /* Models */ = {
			isa = PBXGroup;
			children = (
				A61C1D8D2C1C305F0021824F /* FlightHistory.swift */,
				A61C1D8E2C1C305F0021824F /* FlightInformation.swift */,
			);
			path = Models;
			sourceTree = "<group>";
		};
		A61C1D972C1C31B50021824F /* TimelineTableViewCell */ = {
			isa = PBXGroup;
			children = (
				A61C1D922C1C31B50021824F /* Timeline.swift */,
				A61C1D932C1C31B50021824F /* TimelinePoint.swift */,
				A61C1D942C1C31B50021824F /* TimelineTableViewCell.h */,
				A61C1D952C1C31B50021824F /* TimelineTableViewCell.swift */,
				A61C1D962C1C31B50021824F /* TimelineTableViewCell.xib */,
			);
			path = TimelineTableViewCell;
			sourceTree = "<group>";
		};
/* End PBXGroup section */

/* Begin PBXNativeTarget section */
		A61C1D7B2C1C30040021824F /* FlightApp */ = {
			isa = PBXNativeTarget;
			buildConfigurationList = A61C1D8A2C1C30050021824F /* Build configuration list for PBXNativeTarget "FlightApp" */;
			buildPhases = (
				A61C1D782C1C30040021824F /* Sources */,
				A61C1D792C1C30040021824F /* Frameworks */,
				A61C1D7A2C1C30040021824F /* Resources */,
			);
			buildRules = (
			);
			dependencies = (
			);
			name = FlightApp;
			productName = FlightApp;
			productReference = A61C1D7C2C1C30040021824F /* FlightApp.app */;
			productType = "com.apple.product-type.application";
		};
/* End PBXNativeTarget section */

/* Begin PBXProject section */
		A61C1D742C1C30040021824F /* Project object */ = {
			isa = PBXProject;
			attributes = {
				BuildIndependentTargetsInParallel = 1;
				LastSwiftUpdateCheck = 1540;
				LastUpgradeCheck = 1540;
				TargetAttributes = {
					A61C1D7B2C1C30040021824F = {
						CreatedOnToolsVersion = 15.4;
					};
				};
			};
			buildConfigurationList = A61C1D772C1C30040021824F /* Build configuration list for PBXProject "FlightApp" */;
			compatibilityVersion = "Xcode 14.0";
			developmentRegion = en;
			hasScannedForEncodings = 0;
			knownRegions = (
				en,
				Base,
			);
			mainGroup = A61C1D732C1C30040021824F;
			productRefGroup = A61C1D7D2C1C30040021824F /* Products */;
			projectDirPath = "";
			projectRoot = "";
			targets = (
				A61C1D7B2C1C30040021824F /* FlightApp */,
			);
		};
/* End PBXProject section */

/* Begin PBXResourcesBuildPhase section */
		A61C1D7A2C1C30040021824F /* Resources */ = {
			isa = PBXResourcesBuildPhase;
			buildActionMask = 2147483647;
			files = (
				A61C1D872C1C30050021824F /* Preview Assets.xcassets in Resources */,
				A61C1D9B2C1C31B50021824F /* TimelineTableViewCell.xib in Resources */,
				A61C1D842C1C30050021824F /* Assets.xcassets in Resources */,
			);
			runOnlyForDeploymentPostprocessing = 0;
		};
/* End PBXResourcesBuildPhase section */

/* Begin PBXSourcesBuildPhase section */
		A61C1D782C1C30040021824F /* Sources */ = {
			isa = PBXSourcesBuildPhase;
			buildActionMask = 2147483647;
			files = (
				A61C1D9A2C1C31B50021824F /* TimelineTableViewCell.swift in Sources */,
				A61C1D822C1C30040021824F /* ContentView.swift in Sources */,
				A61C1DCC2C1C9A200021824F /* FlightDetailsView.swift in Sources */,
				A61C1D902C1C30600021824F /* FlightHistory.swift in Sources */,
				A61C1DC82C1C7C2B0021824F /* FlightBoardView.swift in Sources */,
				A61C1DC42C1C77D80021824F /* HomeScreenView.swift in Sources */,
				A61C1D912C1C30600021824F /* FlightInformation.swift in Sources */,
				A61C1DC62C1C78CD0021824F /* UserProfileView.swift in Sources */,
				A61C1D982C1C31B50021824F /* Timeline.swift in Sources */,
				A61C1D802C1C30040021824F /* FlightAppApp.swift in Sources */,
				A61C1D992C1C31B50021824F /* TimelinePoint.swift in Sources */,
				A61C1D9D2C1C32220021824F /* TimelineView.swift in Sources */,
				A61C1DCA2C1C98520021824F /* FlightRowView.swift in Sources */,
			);
			runOnlyForDeploymentPostprocessing = 0;
		};
/* End PBXSourcesBuildPhase section */

/* Begin XCBuildConfiguration section */
		A61C1D882C1C30050021824F /* Debug */ = {
			isa = XCBuildConfiguration;
			buildSettings = {
				ALWAYS_SEARCH_USER_PATHS = NO;
				ASSETCATALOG_COMPILER_GENERATE_SWIFT_ASSET_SYMBOL_EXTENSIONS = YES;
				CLANG_ANALYZER_NONNULL = YES;
				CLANG_ANALYZER_NUMBER_OBJECT_CONVERSION = YES_AGGRESSIVE;
				CLANG_CXX_LANGUAGE_STANDARD = "gnu++20";
				CLANG_ENABLE_MODULES = YES;
				CLANG_ENABLE_OBJC_ARC = YES;
				CLANG_ENABLE_OBJC_WEAK = YES;
				CLANG_WARN_BLOCK_CAPTURE_AUTORELEASING = YES;
				CLANG_WARN_BOOL_CONVERSION = YES;
				CLANG_WARN_COMMA = YES;
				CLANG_WARN_CONSTANT_CONVERSION = YES;
				CLANG_WARN_DEPRECATED_OBJC_IMPLEMENTATIONS = YES;
				CLANG_WARN_DIRECT_OBJC_ISA_USAGE = YES_ERROR;
				CLANG_WARN_DOCUMENTATION_COMMENTS = YES;
				CLANG_WARN_EMPTY_BODY = YES;
				CLANG_WARN_ENUM_CONVERSION = YES;
				CLANG_WARN_INFINITE_RECURSION = YES;
				CLANG_WARN_INT_CONVERSION = YES;
				CLANG_WARN_NON_LITERAL_NULL_CONVERSION = YES;
				CLANG_WARN_OBJC_IMPLICIT_RETAIN_SELF = YES;
				CLANG_WARN_OBJC_LITERAL_CONVERSION = YES;
				CLANG_WARN_OBJC_ROOT_CLASS = YES_ERROR;
				CLANG_WARN_QUOTED_INCLUDE_IN_FRAMEWORK_HEADER = YES;
				CLANG_WARN_RANGE_LOOP_ANALYSIS = YES;
				CLANG_WARN_STRICT_PROTOTYPES = YES;
				CLANG_WARN_SUSPICIOUS_MOVE = YES;
				CLANG_WARN_UNGUARDED_AVAILABILITY = YES_AGGRESSIVE;
				CLANG_WARN_UNREACHABLE_CODE = YES;
				CLANG_WARN__DUPLICATE_METHOD_MATCH = YES;
				COPY_PHASE_STRIP = NO;
				DEBUG_INFORMATION_FORMAT = dwarf;
				ENABLE_STRICT_OBJC_MSGSEND = YES;
				ENABLE_TESTABILITY = YES;
				ENABLE_USER_SCRIPT_SANDBOXING = YES;
				GCC_C_LANGUAGE_STANDARD = gnu17;
				GCC_DYNAMIC_NO_PIC = NO;
				GCC_NO_COMMON_BLOCKS = YES;
				GCC_OPTIMIZATION_LEVEL = 0;
				GCC_PREPROCESSOR_DEFINITIONS = (
					"DEBUG=1",
					"$(inherited)",
				);
				GCC_WARN_64_TO_32_BIT_CONVERSION = YES;
				GCC_WARN_ABOUT_RETURN_TYPE = YES_ERROR;
				GCC_WARN_UNDECLARED_SELECTOR = YES;
				GCC_WARN_UNINITIALIZED_AUTOS = YES_AGGRESSIVE;
				GCC_WARN_UNUSED_FUNCTION = YES;
				GCC_WARN_UNUSED_VARIABLE = YES;
				IPHONEOS_DEPLOYMENT_TARGET = 17.5;
				LOCALIZATION_PREFERS_STRING_CATALOGS = YES;
				MTL_ENABLE_DEBUG_INFO = INCLUDE_SOURCE;
				MTL_FAST_MATH = YES;
				ONLY_ACTIVE_ARCH = YES;
				SDKROOT = iphoneos;
				SWIFT_ACTIVE_COMPILATION_CONDITIONS = "DEBUG $(inherited)";
				SWIFT_OPTIMIZATION_LEVEL = "-Onone";
			};
			name = Debug;
		};
		A61C1D892C1C30050021824F /* Release */ = {
			isa = XCBuildConfiguration;
			buildSettings = {
				ALWAYS_SEARCH_USER_PATHS = NO;
				ASSETCATALOG_COMPILER_GENERATE_SWIFT_ASSET_SYMBOL_EXTENSIONS = YES;
				CLANG_ANALYZER_NONNULL = YES;
				CLANG_ANALYZER_NUMBER_OBJECT_CONVERSION = YES_AGGRESSIVE;
				CLANG_CXX_LANGUAGE_STANDARD = "gnu++20";
				CLANG_ENABLE_MODULES = YES;
				CLANG_ENABLE_OBJC_ARC = YES;
				CLANG_ENABLE_OBJC_WEAK = YES;
				CLANG_WARN_BLOCK_CAPTURE_AUTORELEASING = YES;
				CLANG_WARN_BOOL_CONVERSION = YES;
				CLANG_WARN_COMMA = YES;
				CLANG_WARN_CONSTANT_CONVERSION = YES;
				CLANG_WARN_DEPRECATED_OBJC_IMPLEMENTATIONS = YES;
				CLANG_WARN_DIRECT_OBJC_ISA_USAGE = YES_ERROR;
				CLANG_WARN_DOCUMENTATION_COMMENTS = YES;
				CLANG_WARN_EMPTY_BODY = YES;
				CLANG_WARN_ENUM_CONVERSION = YES;
				CLANG_WARN_INFINITE_RECURSION = YES;
				CLANG_WARN_INT_CONVERSION = YES;
				CLANG_WARN_NON_LITERAL_NULL_CONVERSION = YES;
				CLANG_WARN_OBJC_IMPLICIT_RETAIN_SELF = YES;
				CLANG_WARN_OBJC_LITERAL_CONVERSION = YES;
				CLANG_WARN_OBJC_ROOT_CLASS = YES_ERROR;
				CLANG_WARN_QUOTED_INCLUDE_IN_FRAMEWORK_HEADER = YES;
				CLANG_WARN_RANGE_LOOP_ANALYSIS = YES;
				CLANG_WARN_STRICT_PROTOTYPES = YES;
				CLANG_WARN_SUSPICIOUS_MOVE = YES;
				CLANG_WARN_UNGUARDED_AVAILABILITY = YES_AGGRESSIVE;
				CLANG_WARN_UNREACHABLE_CODE = YES;
				CLANG_WARN__DUPLICATE_METHOD_MATCH = YES;
				COPY_PHASE_STRIP = NO;
				DEBUG_INFORMATION_FORMAT = "dwarf-with-dsym";
				ENABLE_NS_ASSERTIONS = NO;
				ENABLE_STRICT_OBJC_MSGSEND = YES;
				ENABLE_USER_SCRIPT_SANDBOXING = YES;
				GCC_C_LANGUAGE_STANDARD = gnu17;
				GCC_NO_COMMON_BLOCKS = YES;
				GCC_WARN_64_TO_32_BIT_CONVERSION = YES;
				GCC_WARN_ABOUT_RETURN_TYPE = YES_ERROR;
				GCC_WARN_UNDECLARED_SELECTOR = YES;
				GCC_WARN_UNINITIALIZED_AUTOS = YES_AGGRESSIVE;
				GCC_WARN_UNUSED_FUNCTION = YES;
				GCC_WARN_UNUSED_VARIABLE = YES;
				IPHONEOS_DEPLOYMENT_TARGET = 17.5;
				LOCALIZATION_PREFERS_STRING_CATALOGS = YES;
				MTL_ENABLE_DEBUG_INFO = NO;
				MTL_FAST_MATH = YES;
				SDKROOT = iphoneos;
				SWIFT_COMPILATION_MODE = wholemodule;
				VALIDATE_PRODUCT = YES;
			};
			name = Release;
		};
		A61C1D8B2C1C30050021824F /* Debug */ = {
			isa = XCBuildConfiguration;
			buildSettings = {
				ASSETCATALOG_COMPILER_APPICON_NAME = AppIcon;
				ASSETCATALOG_COMPILER_GLOBAL_ACCENT_COLOR_NAME = AccentColor;
				CODE_SIGN_STYLE = Automatic;
				CURRENT_PROJECT_VERSION = 1;
				DEVELOPMENT_ASSET_PATHS = "\"FlightApp/Preview Content\"";
				DEVELOPMENT_TEAM = QWFP724LYK;
				ENABLE_PREVIEWS = YES;
				GENERATE_INFOPLIST_FILE = YES;
				INFOPLIST_KEY_UIApplicationSceneManifest_Generation = YES;
				INFOPLIST_KEY_UIApplicationSupportsIndirectInputEvents = YES;
				INFOPLIST_KEY_UILaunchScreen_Generation = YES;
				INFOPLIST_KEY_UISupportedInterfaceOrientations_iPad = "UIInterfaceOrientationPortrait UIInterfaceOrientationPortraitUpsideDown UIInterfaceOrientationLandscapeLeft UIInterfaceOrientationLandscapeRight";
				INFOPLIST_KEY_UISupportedInterfaceOrientations_iPhone = "UIInterfaceOrientationPortrait UIInterfaceOrientationLandscapeLeft UIInterfaceOrientationLandscapeRight";
				LD_RUNPATH_SEARCH_PATHS = (
					"$(inherited)",
					"@executable_path/Frameworks",
				);
				MARKETING_VERSION = 1.0;
				PRODUCT_BUNDLE_IDENTIFIER = apple.FlightApp;
				PRODUCT_NAME = "$(TARGET_NAME)";
				SWIFT_EMIT_LOC_STRINGS = YES;
				SWIFT_VERSION = 5.0;
				TARGETED_DEVICE_FAMILY = "1,2";
			};
			name = Debug;
		};
		A61C1D8C2C1C30050021824F /* Release */ = {
			isa = XCBuildConfiguration;
			buildSettings = {
				ASSETCATALOG_COMPILER_APPICON_NAME = AppIcon;
				ASSETCATALOG_COMPILER_GLOBAL_ACCENT_COLOR_NAME = AccentColor;
				CODE_SIGN_STYLE = Automatic;
				CURRENT_PROJECT_VERSION = 1;
				DEVELOPMENT_ASSET_PATHS = "\"FlightApp/Preview Content\"";
				DEVELOPMENT_TEAM = QWFP724LYK;
				ENABLE_PREVIEWS = YES;
				GENERATE_INFOPLIST_FILE = YES;
				INFOPLIST_KEY_UIApplicationSceneManifest_Generation = YES;
				INFOPLIST_KEY_UIApplicationSupportsIndirectInputEvents = YES;
				INFOPLIST_KEY_UILaunchScreen_Generation = YES;
				INFOPLIST_KEY_UISupportedInterfaceOrientations_iPad = "UIInterfaceOrientationPortrait UIInterfaceOrientationPortraitUpsideDown UIInterfaceOrientationLandscapeLeft UIInterfaceOrientationLandscapeRight";
				INFOPLIST_KEY_UISupportedInterfaceOrientations_iPhone = "UIInterfaceOrientationPortrait UIInterfaceOrientationLandscapeLeft UIInterfaceOrientationLandscapeRight";
				LD_RUNPATH_SEARCH_PATHS = (
					"$(inherited)",
					"@executable_path/Frameworks",
				);
				MARKETING_VERSION = 1.0;
				PRODUCT_BUNDLE_IDENTIFIER = apple.FlightApp;
				PRODUCT_NAME = "$(TARGET_NAME)";
				SWIFT_EMIT_LOC_STRINGS = YES;
				SWIFT_VERSION = 5.0;
				TARGETED_DEVICE_FAMILY = "1,2";
			};
			name = Release;
		};
/* End XCBuildConfiguration section */

/* Begin XCConfigurationList section */
		A61C1D772C1C30040021824F /* Build configuration list for PBXProject "FlightApp" */ = {
			isa = XCConfigurationList;
			buildConfigurations = (
				A61C1D882C1C30050021824F /* Debug */,
				A61C1D892C1C30050021824F /* Release */,
			);
			defaultConfigurationIsVisible = 0;
			defaultConfigurationName = Release;
		};
		A61C1D8A2C1C30050021824F /* Build configuration list for PBXNativeTarget "FlightApp" */ = {
			isa = XCConfigurationList;
			buildConfigurations = (
				A61C1D8B2C1C30050021824F /* Debug */,
				A61C1D8C2C1C30050021824F /* Release */,
			);
			defaultConfigurationIsVisible = 0;
			defaultConfigurationName = Release;
		};
/* End XCConfigurationList section */
	};
	rootObject = A61C1D742C1C30040021824F /* Project object */;
}
